
Microsoft Visual Studio Solution File, Format Version 12.00
# Visual Studio Version 16
VisualStudioVersion = 16.0.30011.22
MinimumVisualStudioVersion = 10.0.40219.1
Project("{2150E333-8FDC-42A3-9474-1A3956D46DE8}") = "EC.Application", "EC.Application", "{7042CCE4-FC9D-438A-959B-35DE820EC74B}"
EndProject
Project("{2150E333-8FDC-42A3-9474-1A3956D46DE8}") = "EC.Domian", "EC.Domian", "{9CD1B169-96FE-438B-BDDB-AB7131E3F75A}"
EndProject
Project("{2150E333-8FDC-42A3-9474-1A3956D46DE8}") = "EC.Infra.IoC", "EC.Infra.IoC", "{EB457894-DC02-4A0D-85AE-43F521D2A597}"
EndProject
Project("{2150E333-8FDC-42A3-9474-1A3956D46DE8}") = "EC.Infra.Data", "EC.Infra.Data", "{00A6EE95-7CF3-4F6B-A9C3-2BC7E2C14FF3}"
EndProject
Project("{2150E333-8FDC-42A3-9474-1A3956D46DE8}") = "EC.WebAPI", "EC.WebAPI", "{82D05AF8-C42C-4B47-98C3-E6EFCD8A56F3}"
EndProject
Project("{2150E333-8FDC-42A3-9474-1A3956D46DE8}") = "EC.Ui.MVC", "EC.Ui.MVC", "{99A1AC53-6FD0-4277-82D7-8DD671AECC68}"
EndProject
Project("{FAE04EC0-301F-11D3-BF4B-00C04F79EFBC}") = "EC.Mvc", "EC.Mvc\EC.Mvc.csproj", "{8FD8936D-9DA3-40B5-AC41-3555CEDB9E42}"
EndProject
Global
	GlobalSection(SolutionConfigurationPlatforms) = preSolution
		Debug|Any CPU = Debug|Any CPU
		Release|Any CPU = Release|Any CPU
	EndGlobalSection
	GlobalSection(ProjectConfigurationPlatforms) = postSolution
		{8FD8936D-9DA3-40B5-AC41-3555CEDB9E42}.Debug|Any CPU.ActiveCfg = Debug|Any CPU
		{8FD8936D-9DA3-40B5-AC41-3555CEDB9E42}.Debug|Any CPU.Build.0 = Debug|Any CPU
		{8FD8936D-9DA3-40B5-AC41-3555CEDB9E42}.Release|Any CPU.ActiveCfg = Release|Any CPU
		{8FD8936D-9DA3-40B5-AC41-3555CEDB9E42}.Release|Any CPU.Build.0 = Release|Any CPU
	EndGlobalSection
	GlobalSection(SolutionProperties) = preSolution
		HideSolutionNode = FALSE
	EndGlobalSection
	GlobalSection(NestedProjects) = preSolution
		{8FD8936D-9DA3-40B5-AC41-3555CEDB9E42} = {99A1AC53-6FD0-4277-82D7-8DD671AECC68}
	EndGlobalSection
	GlobalSection(ExtensibilityGlobals) = postSolution
		SolutionGuid = {EF523494-A214-4044-82D1-E35A5DB250BF}
	EndGlobalSection
EndGlobal
